
Microsoft Visual Studio Solution File, Format Version 12.00
# Visual Studio 15
VisualStudioVersion = 15.0.27130.2036
MinimumVisualStudioVersion = 10.0.40219.1
Project("{FAE04EC0-301F-11D3-BF4B-00C04F79EFBC}") = "WebApi_EFCore", "WebApi_EFCore\WebApi_EFCore.csproj", "{5F329FAE-453D-4163-812F-E83E86D8F8C6}"
EndProject
Global
	GlobalSection(SolutionConfigurationPlatforms) = preSolution
		Debug|Any CPU = Debug|Any CPU
		Release|Any CPU = Release|Any CPU
	EndGlobalSection
	GlobalSection(ProjectConfigurationPlatforms) = postSolution
		{5F329FAE-453D-4163-812F-E83E86D8F8C6}.Debug|Any CPU.ActiveCfg = Debug|Any CPU
		{5F329FAE-453D-4163-812F-E83E86D8F8C6}.Debug|Any CPU.Build.0 = Debug|Any CPU
		{5F329FAE-453D-4163-812F-E83E86D8F8C6}.Release|Any CPU.ActiveCfg = Release|Any CPU
		{5F329FAE-453D-4163-812F-E83E86D8F8C6}.Release|Any CPU.Build.0 = Release|Any CPU
	EndGlobalSection
	GlobalSection(SolutionProperties) = preSolution
		HideSolutionNode = FALSE
	EndGlobalSection
	GlobalSection(ExtensibilityGlobals) = postSolution
		SolutionGuid = {00F86982-B646-44F7-B6E1-12D6A91A140E}
	EndGlobalSection
EndGlobal
